{
  "name": "env-clinic",
  "version": "1.4.0",
  "lockfileVersion": 3,
  "requires": true,
  "packages": {
    "": {
      "name": "env-clinic",
      "version": "1.4.0",
      "license": "MIT",
      "bin": {
        "env-clinic": "bin/env-clinic.js"
      },
      "engines": {
        "node": ">=20"
      }
    }
  }
}
